// !$*UTF8*$!
{
	archiveVersion = 1;
	classes = {
	};
	objectVersion = 77;
	objects = {

/* Begin PBXBuildFile section */
		1BD485EF6A5DBD9C83BD8020 /* TrickplayScrubSourceTests.swift in Sources */ = {isa = PBXBuildFile; fileRef = 58BB91A936798EBE022F9F6F /* TrickplayScrubSourceTests.swift */; };
		2013375022BB486CA4862DC8 /* ProviderMatchMergingTests.swift in Sources */ = {isa = PBXBuildFile; fileRef = 874D726F6CCC65E84AABB258 /* ProviderMatchMergingTests.swift */; };
		2B1E261C886B695DE162D2C7 /* ServerDiscoveryURLTests.swift in Sources */ = {isa = PBXBuildFile; fileRef = 978CD708E9C5ACCED67A3F97 /* ServerDiscoveryURLTests.swift */; };
		331EA504B8232818D894A842 /* Foundation.framework in Frameworks */ = {isa = PBXBuildFile; fileRef = AC76FE12491CE8E6DCDD5B42 /* Foundation.framework */; };
		53CD6B51D9123C4578E8B0A2 /* SessionRestorerTests.swift in Sources */ = {isa = PBXBuildFile; fileRef = 09862C8C1314699B9D2BB5B8 /* SessionRestorerTests.swift */; };
		91374D820EED39320D3C5883 /* LayoutMetricsTests.swift in Sources */ = {isa = PBXBuildFile; fileRef = 164A05A73A4B84E77F6F29AD /* LayoutMetricsTests.swift */; };
		9B8BA45BD3090349A076C1DF /* ProbeBudgetTests.swift in Sources */ = {isa = PBXBuildFile; fileRef = ED884F9F893445BCE139AAB8 /* ProbeBudgetTests.swift */; };
		9CCDBA223FFEB4D853908DCD /* JellyfinItemTests.swift in Sources */ = {isa = PBXBuildFile; fileRef = BEB609BEE54ED543FDF51101 /* JellyfinItemTests.swift */; };
		9D491D932F8F92E600B3BE42 /* AVKit.framework in Frameworks */ = {isa = PBXBuildFile; fileRef = 9D491D922F8F92E500B3BE42 /* AVKit.framework */; };
		9DEB1EBCC03C245F50B5BEE9 /* TrickplayTileSetTests.swift in Sources */ = {isa = PBXBuildFile; fileRef = 4553932DFC543AB554886993 /* TrickplayTileSetTests.swift */; };
		A99103ECA91C496739871989 /* SeerrDecodingTests.swift in Sources */ = {isa = PBXBuildFile; fileRef = 57CF00E5C87F92A3DAF35F27 /* SeerrDecodingTests.swift */; };
		AA000001STEELPLAYER /* AetherEngine in Frameworks */ = {isa = PBXBuildFile; productRef = AA000002STEELPLAYER /* AetherEngine */; };
		AA000006ASSBUILD /* SwiftAssRenderer in Frameworks */ = {isa = PBXBuildFile; productRef = AA000005ASSPROD /* SwiftAssRenderer */; };
		BA338612776FCE10A5D2E71C /* PlayerLoadingIndicatorTests.swift in Sources */ = {isa = PBXBuildFile; fileRef = C84D67DB8237A2D0FBC8AADA /* PlayerLoadingIndicatorTests.swift */; };
		CE4628D88D87B1C2A8F4B761 /* PlayerTouchInputTests.swift in Sources */ = {isa = PBXBuildFile; fileRef = D95A0828E585360E7CA7CF76 /* PlayerTouchInputTests.swift */; };
		D6CDFC24E2E33767EB59131B /* SeerrMediaTests.swift in Sources */ = {isa = PBXBuildFile; fileRef = 756D59BCF6F1E09889825D6E /* SeerrMediaTests.swift */; };
		DE5C0D60D4D900000000F00B /* SodaliteTopShelf.appex in Embed Extensions */ = {isa = PBXBuildFile; fileRef = DE5C0D60D4D900000000F001 /* SodaliteTopShelf.appex */; platformFilters = (tvos, ); settings = {ATTRIBUTES = (RemoveHeadersOnCopy, ); }; };
		E53E078DD81B6242BD668D1D /* SRTParserTests.swift in Sources */ = {isa = PBXBuildFile; fileRef = 51EDE94C9EB4640F5FBFA1B9 /* SRTParserTests.swift */; };
/* End PBXBuildFile section */

/* Begin PBXContainerItemProxy section */
		88D127BF8F09A8669D0089D1 /* PBXContainerItemProxy */ = {
			isa = PBXContainerItemProxy;
			containerPortal = 9DD913652F8645860078D0BE /* Project object */;
			proxyType = 1;
			remoteGlobalIDString = 9DD9136C2F8645860078D0BE;
			remoteInfo = Sodalite;
		};
		DE5C0D60D4D900000000F00D /* PBXContainerItemProxy */ = {
			isa = PBXContainerItemProxy;
			containerPortal = 9DD913652F8645860078D0BE /* Project object */;
			proxyType = 1;
			remoteGlobalIDString = DE5C0D60D4D900000000F003;
			remoteInfo = SodaliteTopShelf;
		};
/* End PBXContainerItemProxy section */

/* Begin PBXCopyFilesBuildPhase section */
		DE5C0D60D4D900000000F00A /* Embed Extensions */ = {
			isa = PBXCopyFilesBuildPhase;
			buildActionMask = 2147483647;
			dstPath = "";
			dstSubfolderSpec = 13;
			files = (
				DE5C0D60D4D900000000F00B /* SodaliteTopShelf.appex in Embed Extensions */,
			);
			name = "Embed Extensions";
			runOnlyForDeploymentPostprocessing = 0;
		};
/* End PBXCopyFilesBuildPhase section */

/* Begin PBXFileReference section */
		09862C8C1314699B9D2BB5B8 /* SessionRestorerTests.swift */ = {isa = PBXFileReference; includeInIndex = 1; lastKnownFileType = sourcecode.swift; path = SessionRestorerTests.swift; sourceTree = "<group>"; };
		164A05A73A4B84E77F6F29AD /* LayoutMetricsTests.swift */ = {isa = PBXFileReference; includeInIndex = 1; lastKnownFileType = sourcecode.swift; path = LayoutMetricsTests.swift; sourceTree = "<group>"; };
		2044851138A5C53DBFC678F9 /* SodaliteTests.xctest */ = {isa = PBXFileReference; explicitFileType = wrapper.cfbundle; includeInIndex = 0; path = SodaliteTests.xctest; sourceTree = BUILT_PRODUCTS_DIR; };
		4553932DFC543AB554886993 /* TrickplayTileSetTests.swift */ = {isa = PBXFileReference; includeInIndex = 1; lastKnownFileType = sourcecode.swift; path = TrickplayTileSetTests.swift; sourceTree = "<group>"; };
		51EDE94C9EB4640F5FBFA1B9 /* SRTParserTests.swift */ = {isa = PBXFileReference; includeInIndex = 1; lastKnownFileType = sourcecode.swift; path = SRTParserTests.swift; sourceTree = "<group>"; };
		57CF00E5C87F92A3DAF35F27 /* SeerrDecodingTests.swift */ = {isa = PBXFileReference; includeInIndex = 1; lastKnownFileType = sourcecode.swift; path = SeerrDecodingTests.swift; sourceTree = "<group>"; };
		58BB91A936798EBE022F9F6F /* TrickplayScrubSourceTests.swift */ = {isa = PBXFileReference; includeInIndex = 1; lastKnownFileType = sourcecode.swift; path = TrickplayScrubSourceTests.swift; sourceTree = "<group>"; };
		756D59BCF6F1E09889825D6E /* SeerrMediaTests.swift */ = {isa = PBXFileReference; includeInIndex = 1; lastKnownFileType = sourcecode.swift; path = SeerrMediaTests.swift; sourceTree = "<group>"; };
		874D726F6CCC65E84AABB258 /* ProviderMatchMergingTests.swift */ = {isa = PBXFileReference; includeInIndex = 1; lastKnownFileType = sourcecode.swift; path = ProviderMatchMergingTests.swift; sourceTree = "<group>"; };
		978CD708E9C5ACCED67A3F97 /* ServerDiscoveryURLTests.swift */ = {isa = PBXFileReference; includeInIndex = 1; lastKnownFileType = sourcecode.swift; path = ServerDiscoveryURLTests.swift; sourceTree = "<group>"; };
		9D491D922F8F92E500B3BE42 /* AVKit.framework */ = {isa = PBXFileReference; lastKnownFileType = wrapper.framework; name = AVKit.framework; path = System/Library/Frameworks/AVKit.framework; sourceTree = SDKROOT; };
		9DD9136D2F8645860078D0BE /* Sodalite.app */ = {isa = PBXFileReference; explicitFileType = wrapper.application; includeInIndex = 0; path = Sodalite.app; sourceTree = BUILT_PRODUCTS_DIR; };
		AC76FE12491CE8E6DCDD5B42 /* Foundation.framework */ = {isa = PBXFileReference; lastKnownFileType = wrapper.framework; name = Foundation.framework; path = Platforms/AppleTVOS.platform/Developer/SDKs/AppleTVOS18.0.sdk/System/Library/Frameworks/Foundation.framework; sourceTree = DEVELOPER_DIR; };
		BEB609BEE54ED543FDF51101 /* JellyfinItemTests.swift */ = {isa = PBXFileReference; includeInIndex = 1; lastKnownFileType = sourcecode.swift; path = JellyfinItemTests.swift; sourceTree = "<group>"; };
		C84D67DB8237A2D0FBC8AADA /* PlayerLoadingIndicatorTests.swift */ = {isa = PBXFileReference; includeInIndex = 1; lastKnownFileType = sourcecode.swift; path = PlayerLoadingIndicatorTests.swift; sourceTree = "<group>"; };
		D95A0828E585360E7CA7CF76 /* PlayerTouchInputTests.swift */ = {isa = PBXFileReference; includeInIndex = 1; lastKnownFileType = sourcecode.swift; path = PlayerTouchInputTests.swift; sourceTree = "<group>"; };
		DE5C0D60D4D900000000F001 /* SodaliteTopShelf.appex */ = {isa = PBXFileReference; explicitFileType = "wrapper.app-extension"; includeInIndex = 0; path = SodaliteTopShelf.appex; sourceTree = BUILT_PRODUCTS_DIR; };
		ED884F9F893445BCE139AAB8 /* ProbeBudgetTests.swift */ = {isa = PBXFileReference; includeInIndex = 1; lastKnownFileType = sourcecode.swift; path = ProbeBudgetTests.swift; sourceTree = "<group>"; };
/* End PBXFileReference section */

/* Begin PBXFileSystemSynchronizedRootGroup section */
		9DD9136F2F8645860078D0BE /* Sodalite */ = {
			isa = PBXFileSystemSynchronizedRootGroup;
			exceptions = (
			);
			path = Sodalite;
			sourceTree = "<group>";
		};
		DE5C0D60D4D900000000F002 /* SodaliteTopShelf */ = {
			isa = PBXFileSystemSynchronizedRootGroup;
			exceptions = (
			);
			path = SodaliteTopShelf;
			sourceTree = "<group>";
		};
/* End PBXFileSystemSynchronizedRootGroup section */

/* Begin PBXFrameworksBuildPhase section */
		2BFE98C1A31C9ED72A16B6C4 /* Frameworks */ = {
			isa = PBXFrameworksBuildPhase;
			buildActionMask = 2147483647;
			files = (
				331EA504B8232818D894A842 /* Foundation.framework in Frameworks */,
			);
			runOnlyForDeploymentPostprocessing = 0;
		};
		9DD9136A2F8645860078D0BE /* Frameworks */ = {
			isa = PBXFrameworksBuildPhase;
			buildActionMask = 2147483647;
			files = (
				9D491D932F8F92E600B3BE42 /* AVKit.framework in Frameworks */,
				AA000001STEELPLAYER /* AetherEngine in Frameworks */,
				AA000006ASSBUILD /* SwiftAssRenderer in Frameworks */,
			);
			runOnlyForDeploymentPostprocessing = 0;
		};
		DE5C0D60D4D900000000F005 /* Frameworks */ = {
			isa = PBXFrameworksBuildPhase;
			buildActionMask = 2147483647;
			files = (
			);
			runOnlyForDeploymentPostprocessing = 0;
		};
/* End PBXFrameworksBuildPhase section */

/* Begin PBXGroup section */
		994B4A7A438A684D95552383 /* tvOS */ = {
			isa = PBXGroup;
			children = (
				AC76FE12491CE8E6DCDD5B42 /* Foundation.framework */,
			);
			name = tvOS;
			sourceTree = "<group>";
		};
		9DD913642F8645860078D0BE = {
			isa = PBXGroup;
			children = (
				9DD9136F2F8645860078D0BE /* Sodalite */,
				DE5C0D60D4D900000000F002 /* SodaliteTopShelf */,
				9DD9136E2F8645860078D0BE /* Products */,
				F2FA2CF0B38B315088DC439E /* Frameworks */,
				DC5953DE379AEF4392473358 /* SodaliteTests */,
			);
			sourceTree = "<group>";
		};
		9DD9136E2F8645860078D0BE /* Products */ = {
			isa = PBXGroup;
			children = (
				9DD9136D2F8645860078D0BE /* Sodalite.app */,
				DE5C0D60D4D900000000F001 /* SodaliteTopShelf.appex */,
				2044851138A5C53DBFC678F9 /* SodaliteTests.xctest */,
			);
			name = Products;
			sourceTree = "<group>";
		};
		DC5953DE379AEF4392473358 /* SodaliteTests */ = {
			isa = PBXGroup;
			children = (
				BEB609BEE54ED543FDF51101 /* JellyfinItemTests.swift */,
				874D726F6CCC65E84AABB258 /* ProviderMatchMergingTests.swift */,
				51EDE94C9EB4640F5FBFA1B9 /* SRTParserTests.swift */,
				57CF00E5C87F92A3DAF35F27 /* SeerrDecodingTests.swift */,
				756D59BCF6F1E09889825D6E /* SeerrMediaTests.swift */,
				978CD708E9C5ACCED67A3F97 /* ServerDiscoveryURLTests.swift */,
				09862C8C1314699B9D2BB5B8 /* SessionRestorerTests.swift */,
				4553932DFC543AB554886993 /* TrickplayTileSetTests.swift */,
				58BB91A936798EBE022F9F6F /* TrickplayScrubSourceTests.swift */,
				ED884F9F893445BCE139AAB8 /* ProbeBudgetTests.swift */,
				164A05A73A4B84E77F6F29AD /* LayoutMetricsTests.swift */,
				D95A0828E585360E7CA7CF76 /* PlayerTouchInputTests.swift */,
				C84D67DB8237A2D0FBC8AADA /* PlayerLoadingIndicatorTests.swift */,
			);
			path = SodaliteTests;
			sourceTree = "<group>";
		};
		F2FA2CF0B38B315088DC439E /* Frameworks */ = {
			isa = PBXGroup;
			children = (
				9D491D922F8F92E500B3BE42 /* AVKit.framework */,
				994B4A7A438A684D95552383 /* tvOS */,
			);
			name = Frameworks;
			sourceTree = "<group>";
		};
/* End PBXGroup section */

/* Begin PBXNativeTarget section */
		5C5E2EB2ADBF9557571AC077 /* SodaliteTests */ = {
			isa = PBXNativeTarget;
			buildConfigurationList = 0D06E83EC94C8368361193D8 /* Build configuration list for PBXNativeTarget "SodaliteTests" */;
			buildPhases = (
				FFE2EFB5AA254C1DCC474669 /* Sources */,
				2BFE98C1A31C9ED72A16B6C4 /* Frameworks */,
				375ACFE918E804E284C822A7 /* Resources */,
			);
			buildRules = (
			);
			dependencies = (
				ABD0C387CA647E510261BDE4 /* PBXTargetDependency */,
			);
			name = SodaliteTests;
			productName = SodaliteTests;
			productReference = 2044851138A5C53DBFC678F9 /* SodaliteTests.xctest */;
			productType = "com.apple.product-type.bundle.unit-test";
		};
		9DD9136C2F8645860078D0BE /* Sodalite */ = {
			isa = PBXNativeTarget;
			buildConfigurationList = 9DD913782F8645880078D0BE /* Build configuration list for PBXNativeTarget "Sodalite" */;
			buildPhases = (
				9DD913692F8645860078D0BE /* Sources */,
				9DD9136A2F8645860078D0BE /* Frameworks */,
				9DD9136B2F8645860078D0BE /* Resources */,
				DE5C0D60D4D900000000F00A /* Embed Extensions */,
			);
			buildRules = (
			);
			dependencies = (
				DE5C0D60D4D900000000F00C /* PBXTargetDependency */,
			);
			fileSystemSynchronizedGroups = (
				9DD9136F2F8645860078D0BE /* Sodalite */,
			);
			name = Sodalite;
			productName = Sodalite;
			productReference = 9DD9136D2F8645860078D0BE /* Sodalite.app */;
			productType = "com.apple.product-type.application";
		};
		DE5C0D60D4D900000000F003 /* SodaliteTopShelf */ = {
			isa = PBXNativeTarget;
			buildConfigurationList = DE5C0D60D4D900000000F009 /* Build configuration list for PBXNativeTarget "SodaliteTopShelf" */;
			buildPhases = (
				DE5C0D60D4D900000000F004 /* Sources */,
				DE5C0D60D4D900000000F005 /* Frameworks */,
				DE5C0D60D4D900000000F006 /* Resources */,
			);
			buildRules = (
			);
			dependencies = (
			);
			fileSystemSynchronizedGroups = (
				DE5C0D60D4D900000000F002 /* SodaliteTopShelf */,
			);
			name = SodaliteTopShelf;
			productName = SodaliteTopShelf;
			productReference = DE5C0D60D4D900000000F001 /* SodaliteTopShelf.appex */;
			productType = "com.apple.product-type.tv-app-extension";
		};
/* End PBXNativeTarget section */

/* Begin PBXProject section */
		9DD913652F8645860078D0BE /* Project object */ = {
			isa = PBXProject;
			attributes = {
				BuildIndependentTargetsInParallel = 1;
				LastSwiftUpdateCheck = 2640;
				LastUpgradeCheck = 2640;
				TargetAttributes = {
					9DD9136C2F8645860078D0BE = {
						CreatedOnToolsVersion = 26.4;
					};
					DE5C0D60D4D900000000F003 = {
						CreatedOnToolsVersion = 26.4;
					};
				};
			};
			buildConfigurationList = 9DD913682F8645860078D0BE /* Build configuration list for PBXProject "Sodalite" */;
			developmentRegion = en;
			hasScannedForEncodings = 0;
			knownRegions = (
				en,
				Base,
				de,
				fr,
				es,
				it,
				"pt-BR",
				ja,
				"zh-Hans",
				ko,
				nl,
				pl,
				ru,
				sv,
				nb,
				da,
				tr,
				uk,
				cs,
				sk,
				hr,
				"zh-Hant",
				fi,
				"pt-PT",
				el,
				hu,
				ro,
			);
			mainGroup = 9DD913642F8645860078D0BE;
			minimizedProjectReferenceProxies = 1;
			packageReferences = (
				AA000003STEELPLAYER /* XCRemoteSwiftPackageReference "AetherEngine" */,
				AA000004ASSRENDER /* XCRemoteSwiftPackageReference "swift-ass-renderer" */,
			);
			preferredProjectObjectVersion = 77;
			productRefGroup = 9DD9136E2F8645860078D0BE /* Products */;
			projectDirPath = "";
			projectRoot = "";
			targets = (
				9DD9136C2F8645860078D0BE /* Sodalite */,
				DE5C0D60D4D900000000F003 /* SodaliteTopShelf */,
				5C5E2EB2ADBF9557571AC077 /* SodaliteTests */,
			);
		};
/* End PBXProject section */

/* Begin PBXResourcesBuildPhase section */
		375ACFE918E804E284C822A7 /* Resources */ = {
			isa = PBXResourcesBuildPhase;
			buildActionMask = 2147483647;
			files = (
			);
			runOnlyForDeploymentPostprocessing = 0;
		};
		9DD9136B2F8645860078D0BE /* Resources */ = {
			isa = PBXResourcesBuildPhase;
			buildActionMask = 2147483647;
			files = (
			);
			runOnlyForDeploymentPostprocessing = 0;
		};
		DE5C0D60D4D900000000F006 /* Resources */ = {
			isa = PBXResourcesBuildPhase;
			buildActionMask = 2147483647;
			files = (
			);
			runOnlyForDeploymentPostprocessing = 0;
		};
/* End PBXResourcesBuildPhase section */

/* Begin PBXSourcesBuildPhase section */
		9DD913692F8645860078D0BE /* Sources */ = {
			isa = PBXSourcesBuildPhase;
			buildActionMask = 2147483647;
			files = (
			);
			runOnlyForDeploymentPostprocessing = 0;
		};
		DE5C0D60D4D900000000F004 /* Sources */ = {
			isa = PBXSourcesBuildPhase;
			buildActionMask = 2147483647;
			files = (
			);
			runOnlyForDeploymentPostprocessing = 0;
		};
		FFE2EFB5AA254C1DCC474669 /* Sources */ = {
			isa = PBXSourcesBuildPhase;
			buildActionMask = 2147483647;
			files = (
				9CCDBA223FFEB4D853908DCD /* JellyfinItemTests.swift in Sources */,
				2013375022BB486CA4862DC8 /* ProviderMatchMergingTests.swift in Sources */,
				E53E078DD81B6242BD668D1D /* SRTParserTests.swift in Sources */,
				A99103ECA91C496739871989 /* SeerrDecodingTests.swift in Sources */,
				D6CDFC24E2E33767EB59131B /* SeerrMediaTests.swift in Sources */,
				2B1E261C886B695DE162D2C7 /* ServerDiscoveryURLTests.swift in Sources */,
				53CD6B51D9123C4578E8B0A2 /* SessionRestorerTests.swift in Sources */,
				9DEB1EBCC03C245F50B5BEE9 /* TrickplayTileSetTests.swift in Sources */,
				1BD485EF6A5DBD9C83BD8020 /* TrickplayScrubSourceTests.swift in Sources */,
				9B8BA45BD3090349A076C1DF /* ProbeBudgetTests.swift in Sources */,
				91374D820EED39320D3C5883 /* LayoutMetricsTests.swift in Sources */,
				CE4628D88D87B1C2A8F4B761 /* PlayerTouchInputTests.swift in Sources */,
				BA338612776FCE10A5D2E71C /* PlayerLoadingIndicatorTests.swift in Sources */,
			);
			runOnlyForDeploymentPostprocessing = 0;
		};
/* End PBXSourcesBuildPhase section */

/* Begin PBXTargetDependency section */
		ABD0C387CA647E510261BDE4 /* PBXTargetDependency */ = {
			isa = PBXTargetDependency;
			name = Sodalite;
			target = 9DD9136C2F8645860078D0BE /* Sodalite */;
			targetProxy = 88D127BF8F09A8669D0089D1 /* PBXContainerItemProxy */;
		};
		DE5C0D60D4D900000000F00C /* PBXTargetDependency */ = {
			isa = PBXTargetDependency;
			platformFilters = (
				tvos,
			);
			target = DE5C0D60D4D900000000F003 /* SodaliteTopShelf */;
			targetProxy = DE5C0D60D4D900000000F00D /* PBXContainerItemProxy */;
		};
/* End PBXTargetDependency section */

/* Begin XCBuildConfiguration section */
		061AAD30C4C23ED80611A73A /* Debug */ = {
			isa = XCBuildConfiguration;
			buildSettings = {
				BUNDLE_LOADER = "$(TEST_HOST)";
				CODE_SIGN_STYLE = Automatic;
				CURRENT_PROJECT_VERSION = 1;
				DEVELOPMENT_TEAM = 4NY63S72W9;
				GENERATE_INFOPLIST_FILE = YES;
				IPHONEOS_DEPLOYMENT_TARGET = 26.0;
				MARKETING_VERSION = 0.12.0;
				PRODUCT_BUNDLE_IDENTIFIER = de.superuser404.SodaliteTests;
				PRODUCT_NAME = "$(TARGET_NAME)";
				SDKROOT = auto;
				SUPPORTED_PLATFORMS = "appletvos appletvsimulator iphoneos iphonesimulator";
				SWIFT_APPROACHABLE_CONCURRENCY = YES;
				SWIFT_DEFAULT_ACTOR_ISOLATION = MainActor;
				SWIFT_UPCOMING_FEATURE_MEMBER_IMPORT_VISIBILITY = YES;
				SWIFT_VERSION = 6.0;
				TARGETED_DEVICE_FAMILY = "1,2,3";
				TEST_HOST = "$(BUILT_PRODUCTS_DIR)/Sodalite.app/Sodalite";
				TVOS_DEPLOYMENT_TARGET = 26.0;
			};
			name = Debug;
		};
		632B70D3758FB73D7B0B2F6F /* Release */ = {
			isa = XCBuildConfiguration;
			buildSettings = {
				BUNDLE_LOADER = "$(TEST_HOST)";
				CODE_SIGN_STYLE = Automatic;
				CURRENT_PROJECT_VERSION = 1;
				DEVELOPMENT_TEAM = 4NY63S72W9;
				GENERATE_INFOPLIST_FILE = YES;
				IPHONEOS_DEPLOYMENT_TARGET = 26.0;
				MARKETING_VERSION = 0.12.0;
				PRODUCT_BUNDLE_IDENTIFIER = de.superuser404.SodaliteTests;
				PRODUCT_NAME = "$(TARGET_NAME)";
				SDKROOT = auto;
				SUPPORTED_PLATFORMS = "appletvos appletvsimulator iphoneos iphonesimulator";
				SWIFT_APPROACHABLE_CONCURRENCY = YES;
				SWIFT_DEFAULT_ACTOR_ISOLATION = MainActor;
				SWIFT_UPCOMING_FEATURE_MEMBER_IMPORT_VISIBILITY = YES;
				SWIFT_VERSION = 6.0;
				TARGETED_DEVICE_FAMILY = "1,2,3";
				TEST_HOST = "$(BUILT_PRODUCTS_DIR)/Sodalite.app/Sodalite";
				TVOS_DEPLOYMENT_TARGET = 26.0;
				VALIDATE_PRODUCT = YES;
			};
			name = Release;
		};
		9DD913762F8645880078D0BE /* Debug */ = {
			isa = XCBuildConfiguration;
			buildSettings = {
				ALWAYS_SEARCH_USER_PATHS = NO;
				ASSETCATALOG_COMPILER_GENERATE_SWIFT_ASSET_SYMBOL_EXTENSIONS = YES;
				CLANG_ANALYZER_LOCALIZABILITY_NONLOCALIZED = YES;
				CLANG_ANALYZER_NONNULL = YES;
				CLANG_ANALYZER_NUMBER_OBJECT_CONVERSION = YES_AGGRESSIVE;
				CLANG_CXX_LANGUAGE_STANDARD = "gnu++20";
				CLANG_ENABLE_MODULES = YES;
				CLANG_ENABLE_OBJC_ARC = YES;
				CLANG_ENABLE_OBJC_WEAK = YES;
				CLANG_WARN_BLOCK_CAPTURE_AUTORELEASING = YES;
				CLANG_WARN_BOOL_CONVERSION = YES;
				CLANG_WARN_COMMA = YES;
				CLANG_WARN_CONSTANT_CONVERSION = YES;
				CLANG_WARN_DEPRECATED_OBJC_IMPLEMENTATIONS = YES;
				CLANG_WARN_DIRECT_OBJC_ISA_USAGE = YES_ERROR;
				CLANG_WARN_DOCUMENTATION_COMMENTS = YES;
				CLANG_WARN_EMPTY_BODY = YES;
				CLANG_WARN_ENUM_CONVERSION = YES;
				CLANG_WARN_INFINITE_RECURSION = YES;
				CLANG_WARN_INT_CONVERSION = YES;
				CLANG_WARN_NON_LITERAL_NULL_CONVERSION = YES;
				CLANG_WARN_OBJC_IMPLICIT_RETAIN_SELF = YES;
				CLANG_WARN_OBJC_LITERAL_CONVERSION = YES;
				CLANG_WARN_OBJC_ROOT_CLASS = YES_ERROR;
				CLANG_WARN_QUOTED_INCLUDE_IN_FRAMEWORK_HEADER = YES;
				CLANG_WARN_RANGE_LOOP_ANALYSIS = YES;
				CLANG_WARN_STRICT_PROTOTYPES = YES;
				CLANG_WARN_SUSPICIOUS_MOVE = YES;
				CLANG_WARN_UNGUARDED_AVAILABILITY = YES_AGGRESSIVE;
				CLANG_WARN_UNREACHABLE_CODE = YES;
				CLANG_WARN__DUPLICATE_METHOD_MATCH = YES;
				COPY_PHASE_STRIP = NO;
				DEBUG_INFORMATION_FORMAT = dwarf;
				DEVELOPMENT_TEAM = 4NY63S72W9;
				DISABLE_DIAMOND_PROBLEM_DIAGNOSTIC = YES;
				ENABLE_STRICT_OBJC_MSGSEND = YES;
				ENABLE_TESTABILITY = YES;
				ENABLE_USER_SCRIPT_SANDBOXING = NO;
				GCC_C_LANGUAGE_STANDARD = gnu17;
				GCC_DYNAMIC_NO_PIC = NO;
				GCC_NO_COMMON_BLOCKS = YES;
				GCC_OPTIMIZATION_LEVEL = 0;
				GCC_PREPROCESSOR_DEFINITIONS = (
					"DEBUG=1",
					"$(inherited)",
				);
				GCC_WARN_64_TO_32_BIT_CONVERSION = YES;
				GCC_WARN_ABOUT_RETURN_TYPE = YES_ERROR;
				GCC_WARN_UNDECLARED_SELECTOR = YES;
				GCC_WARN_UNINITIALIZED_AUTOS = YES_AGGRESSIVE;
				GCC_WARN_UNUSED_FUNCTION = YES;
				GCC_WARN_UNUSED_VARIABLE = YES;
				LOCALIZATION_PREFERS_STRING_CATALOGS = YES;
				MTL_ENABLE_DEBUG_INFO = INCLUDE_SOURCE;
				MTL_FAST_MATH = YES;
				ONLY_ACTIVE_ARCH = YES;
				SDKROOT = appletvos;
				STRING_CATALOG_GENERATE_SYMBOLS = YES;
				SWIFT_ACTIVE_COMPILATION_CONDITIONS = "DEBUG $(inherited)";
				SWIFT_OPTIMIZATION_LEVEL = "-Onone";
				TVOS_DEPLOYMENT_TARGET = 26.4;
			};
			name = Debug;
		};
		9DD913772F8645880078D0BE /* Release */ = {
			isa = XCBuildConfiguration;
			buildSettings = {
				ALWAYS_SEARCH_USER_PATHS = NO;
				ASSETCATALOG_COMPILER_GENERATE_SWIFT_ASSET_SYMBOL_EXTENSIONS = YES;
				CLANG_ANALYZER_LOCALIZABILITY_NONLOCALIZED = YES;
				CLANG_ANALYZER_NONNULL = YES;
				CLANG_ANALYZER_NUMBER_OBJECT_CONVERSION = YES_AGGRESSIVE;
				CLANG_CXX_LANGUAGE_STANDARD = "gnu++20";
				CLANG_ENABLE_MODULES = YES;
				CLANG_ENABLE_OBJC_ARC = YES;
				CLANG_ENABLE_OBJC_WEAK = YES;
				CLANG_WARN_BLOCK_CAPTURE_AUTORELEASING = YES;
				CLANG_WARN_BOOL_CONVERSION = YES;
				CLANG_WARN_COMMA = YES;
				CLANG_WARN_CONSTANT_CONVERSION = YES;
				CLANG_WARN_DEPRECATED_OBJC_IMPLEMENTATIONS = YES;
				CLANG_WARN_DIRECT_OBJC_ISA_USAGE = YES_ERROR;
				CLANG_WARN_DOCUMENTATION_COMMENTS = YES;
				CLANG_WARN_EMPTY_BODY = YES;
				CLANG_WARN_ENUM_CONVERSION = YES;
				CLANG_WARN_INFINITE_RECURSION = YES;
				CLANG_WARN_INT_CONVERSION = YES;
				CLANG_WARN_NON_LITERAL_NULL_CONVERSION = YES;
				CLANG_WARN_OBJC_IMPLICIT_RETAIN_SELF = YES;
				CLANG_WARN_OBJC_LITERAL_CONVERSION = YES;
				CLANG_WARN_OBJC_ROOT_CLASS = YES_ERROR;
				CLANG_WARN_QUOTED_INCLUDE_IN_FRAMEWORK_HEADER = YES;
				CLANG_WARN_RANGE_LOOP_ANALYSIS = YES;
				CLANG_WARN_STRICT_PROTOTYPES = YES;
				CLANG_WARN_SUSPICIOUS_MOVE = YES;
				CLANG_WARN_UNGUARDED_AVAILABILITY = YES_AGGRESSIVE;
				CLANG_WARN_UNREACHABLE_CODE = YES;
				CLANG_WARN__DUPLICATE_METHOD_MATCH = YES;
				COPY_PHASE_STRIP = NO;
				DEBUG_INFORMATION_FORMAT = "dwarf-with-dsym";
				DEVELOPMENT_TEAM = 4NY63S72W9;
				DISABLE_DIAMOND_PROBLEM_DIAGNOSTIC = YES;
				ENABLE_NS_ASSERTIONS = NO;
				ENABLE_STRICT_OBJC_MSGSEND = YES;
				ENABLE_USER_SCRIPT_SANDBOXING = NO;
				GCC_C_LANGUAGE_STANDARD = gnu17;
				GCC_NO_COMMON_BLOCKS = YES;
				GCC_WARN_64_TO_32_BIT_CONVERSION = YES;
				GCC_WARN_ABOUT_RETURN_TYPE = YES_ERROR;
				GCC_WARN_UNDECLARED_SELECTOR = YES;
				GCC_WARN_UNINITIALIZED_AUTOS = YES_AGGRESSIVE;
				GCC_WARN_UNUSED_FUNCTION = YES;
				GCC_WARN_UNUSED_VARIABLE = YES;
				LOCALIZATION_PREFERS_STRING_CATALOGS = YES;
				MTL_ENABLE_DEBUG_INFO = NO;
				MTL_FAST_MATH = YES;
				SDKROOT = appletvos;
				STRING_CATALOG_GENERATE_SYMBOLS = YES;
				SWIFT_COMPILATION_MODE = wholemodule;
				TVOS_DEPLOYMENT_TARGET = 26.4;
				VALIDATE_PRODUCT = YES;
			};
			name = Release;
		};
		9DD913792F8645880078D0BE /* Debug */ = {
			isa = XCBuildConfiguration;
			buildSettings = {
				ASSETCATALOG_COMPILER_APPICON_NAME = "App Icon & Top Shelf Image";
				"ASSETCATALOG_COMPILER_APPICON_NAME[sdk=iphone*]" = AppIcon;
				ASSETCATALOG_COMPILER_BRAND_ASSETS_NAME = "App Icon & Top Shelf Image";
				"ASSETCATALOG_COMPILER_BRAND_ASSETS_NAME[sdk=iphone*]" = "";
				ASSETCATALOG_COMPILER_GLOBAL_ACCENT_COLOR_NAME = AccentColor;
				CODE_SIGN_ENTITLEMENTS = SupportingFiles/Sodalite.entitlements;
				CODE_SIGN_IDENTITY = "Apple Development";
				CODE_SIGN_STYLE = Automatic;
				CURRENT_PROJECT_VERSION = 1;
				DEVELOPMENT_TEAM = 4NY63S72W9;
				ENABLE_PREVIEWS = YES;
				GENERATE_INFOPLIST_FILE = YES;
				INFOPLIST_FILE = SupportingFiles/Info.plist;
				INFOPLIST_KEY_LSApplicationCategoryType = "public.app-category.entertainment";
				INFOPLIST_KEY_UILaunchScreen_Generation = YES;
				INFOPLIST_KEY_UISupportedInterfaceOrientations_iPad = "UIInterfaceOrientationPortrait UIInterfaceOrientationPortraitUpsideDown UIInterfaceOrientationLandscapeLeft UIInterfaceOrientationLandscapeRight";
				INFOPLIST_KEY_UISupportedInterfaceOrientations_iPhone = "UIInterfaceOrientationPortrait UIInterfaceOrientationLandscapeLeft UIInterfaceOrientationLandscapeRight";
				INFOPLIST_KEY_UIUserInterfaceStyle = Automatic;
				IPHONEOS_DEPLOYMENT_TARGET = 26.0;
				LD_RUNPATH_SEARCH_PATHS = (
					"$(inherited)",
					"@executable_path/Frameworks",
				);
				MARKETING_VERSION = 0.12.0;
				PRODUCT_BUNDLE_IDENTIFIER = de.superuser404.Sodalite;
				PRODUCT_NAME = "$(TARGET_NAME)";
				PROVISIONING_PROFILE_SPECIFIER = "";
				SDKROOT = auto;
				STRING_CATALOG_GENERATE_SYMBOLS = YES;
				SUPPORTED_PLATFORMS = "appletvos appletvsimulator iphoneos iphonesimulator";
				SWIFT_APPROACHABLE_CONCURRENCY = YES;
				SWIFT_DEFAULT_ACTOR_ISOLATION = MainActor;
				SWIFT_EMIT_LOC_STRINGS = YES;
				SWIFT_UPCOMING_FEATURE_MEMBER_IMPORT_VISIBILITY = YES;
				SWIFT_VERSION = 6.0;
				TARGETED_DEVICE_FAMILY = "1,2,3";
				TVOS_DEPLOYMENT_TARGET = 26.0;
			};
			name = Debug;
		};
		9DD9137A2F8645880078D0BE /* Release */ = {
			isa = XCBuildConfiguration;
			buildSettings = {
				ASSETCATALOG_COMPILER_APPICON_NAME = "App Icon & Top Shelf Image";
				"ASSETCATALOG_COMPILER_APPICON_NAME[sdk=iphone*]" = AppIcon;
				ASSETCATALOG_COMPILER_BRAND_ASSETS_NAME = "App Icon & Top Shelf Image";
				"ASSETCATALOG_COMPILER_BRAND_ASSETS_NAME[sdk=iphone*]" = "";
				ASSETCATALOG_COMPILER_GLOBAL_ACCENT_COLOR_NAME = AccentColor;
				CODE_SIGN_ENTITLEMENTS = SupportingFiles/Sodalite.entitlements;
				CODE_SIGN_IDENTITY = "Apple Development";
				CODE_SIGN_STYLE = Automatic;
				CURRENT_PROJECT_VERSION = 1;
				DEVELOPMENT_TEAM = 4NY63S72W9;
				ENABLE_PREVIEWS = YES;
				GENERATE_INFOPLIST_FILE = YES;
				INFOPLIST_FILE = SupportingFiles/Info.plist;
				INFOPLIST_KEY_LSApplicationCategoryType = "public.app-category.entertainment";
				INFOPLIST_KEY_UILaunchScreen_Generation = YES;
				INFOPLIST_KEY_UISupportedInterfaceOrientations_iPad = "UIInterfaceOrientationPortrait UIInterfaceOrientationPortraitUpsideDown UIInterfaceOrientationLandscapeLeft UIInterfaceOrientationLandscapeRight";
				INFOPLIST_KEY_UISupportedInterfaceOrientations_iPhone = "UIInterfaceOrientationPortrait UIInterfaceOrientationLandscapeLeft UIInterfaceOrientationLandscapeRight";
				INFOPLIST_KEY_UIUserInterfaceStyle = Automatic;
				IPHONEOS_DEPLOYMENT_TARGET = 26.0;
				LD_RUNPATH_SEARCH_PATHS = (
					"$(inherited)",
					"@executable_path/Frameworks",
				);
				MARKETING_VERSION = 0.12.0;
				PRODUCT_BUNDLE_IDENTIFIER = de.superuser404.Sodalite;
				PRODUCT_NAME = "$(TARGET_NAME)";
				PROVISIONING_PROFILE_SPECIFIER = "";
				SDKROOT = auto;
				STRING_CATALOG_GENERATE_SYMBOLS = YES;
				SUPPORTED_PLATFORMS = "appletvos appletvsimulator iphoneos iphonesimulator";
				SWIFT_APPROACHABLE_CONCURRENCY = YES;
				SWIFT_DEFAULT_ACTOR_ISOLATION = MainActor;
				SWIFT_EMIT_LOC_STRINGS = YES;
				SWIFT_UPCOMING_FEATURE_MEMBER_IMPORT_VISIBILITY = YES;
				SWIFT_VERSION = 6.0;
				TARGETED_DEVICE_FAMILY = "1,2,3";
				TVOS_DEPLOYMENT_TARGET = 26.0;
			};
			name = Release;
		};
		DE5C0D60D4D900000000F007 /* Debug */ = {
			isa = XCBuildConfiguration;
			buildSettings = {
				CODE_SIGN_ENTITLEMENTS = SupportingFiles/SodaliteTopShelf.entitlements;
				CODE_SIGN_IDENTITY = "Apple Development";
				CODE_SIGN_STYLE = Automatic;
				CURRENT_PROJECT_VERSION = 1;
				DEVELOPMENT_TEAM = 4NY63S72W9;
				GENERATE_INFOPLIST_FILE = YES;
				INFOPLIST_FILE = "SupportingFiles/SodaliteTopShelf-Info.plist";
				LD_RUNPATH_SEARCH_PATHS = (
					"$(inherited)",
					"@executable_path/Frameworks",
					"@executable_path/../../Frameworks",
				);
				MARKETING_VERSION = 0.12.0;
				OTHER_LDFLAGS = (
					"-e",
					_NSExtensionMain,
				);
				PRODUCT_BUNDLE_IDENTIFIER = de.superuser404.Sodalite.TopShelf;
				PRODUCT_NAME = "$(TARGET_NAME)";
				PROVISIONING_PROFILE_SPECIFIER = "";
				SKIP_INSTALL = YES;
				STRING_CATALOG_GENERATE_SYMBOLS = YES;
				SUPPORTED_PLATFORMS = "appletvos appletvsimulator";
				SWIFT_APPROACHABLE_CONCURRENCY = YES;
				SWIFT_DEFAULT_ACTOR_ISOLATION = nonisolated;
				SWIFT_EMIT_LOC_STRINGS = YES;
				SWIFT_UPCOMING_FEATURE_MEMBER_IMPORT_VISIBILITY = YES;
				SWIFT_VERSION = 6.0;
				TARGETED_DEVICE_FAMILY = 3;
				TVOS_DEPLOYMENT_TARGET = 26.0;
			};
			name = Debug;
		};
		DE5C0D60D4D900000000F008 /* Release */ = {
			isa = XCBuildConfiguration;
			buildSettings = {
				CODE_SIGN_ENTITLEMENTS = SupportingFiles/SodaliteTopShelf.entitlements;
				CODE_SIGN_IDENTITY = "Apple Development";
				CODE_SIGN_STYLE = Automatic;
				CURRENT_PROJECT_VERSION = 1;
				DEVELOPMENT_TEAM = 4NY63S72W9;
				GENERATE_INFOPLIST_FILE = YES;
				INFOPLIST_FILE = "SupportingFiles/SodaliteTopShelf-Info.plist";
				LD_RUNPATH_SEARCH_PATHS = (
					"$(inherited)",
					"@executable_path/Frameworks",
					"@executable_path/../../Frameworks",
				);
				MARKETING_VERSION = 0.12.0;
				OTHER_LDFLAGS = (
					"-e",
					_NSExtensionMain,
				);
				PRODUCT_BUNDLE_IDENTIFIER = de.superuser404.Sodalite.TopShelf;
				PRODUCT_NAME = "$(TARGET_NAME)";
				PROVISIONING_PROFILE_SPECIFIER = "";
				SKIP_INSTALL = YES;
				STRING_CATALOG_GENERATE_SYMBOLS = YES;
				SUPPORTED_PLATFORMS = "appletvos appletvsimulator";
				SWIFT_APPROACHABLE_CONCURRENCY = YES;
				SWIFT_DEFAULT_ACTOR_ISOLATION = nonisolated;
				SWIFT_EMIT_LOC_STRINGS = YES;
				SWIFT_UPCOMING_FEATURE_MEMBER_IMPORT_VISIBILITY = YES;
				SWIFT_VERSION = 6.0;
				TARGETED_DEVICE_FAMILY = 3;
				TVOS_DEPLOYMENT_TARGET = 26.0;
			};
			name = Release;
		};
/* End XCBuildConfiguration section */

/* Begin XCConfigurationList section */
		0D06E83EC94C8368361193D8 /* Build configuration list for PBXNativeTarget "SodaliteTests" */ = {
			isa = XCConfigurationList;
			buildConfigurations = (
				632B70D3758FB73D7B0B2F6F /* Release */,
				061AAD30C4C23ED80611A73A /* Debug */,
			);
			defaultConfigurationIsVisible = 0;
			defaultConfigurationName = Release;
		};
		9DD913682F8645860078D0BE /* Build configuration list for PBXProject "Sodalite" */ = {
			isa = XCConfigurationList;
			buildConfigurations = (
				9DD913762F8645880078D0BE /* Debug */,
				9DD913772F8645880078D0BE /* Release */,
			);
			defaultConfigurationIsVisible = 0;
			defaultConfigurationName = Release;
		};
		9DD913782F8645880078D0BE /* Build configuration list for PBXNativeTarget "Sodalite" */ = {
			isa = XCConfigurationList;
			buildConfigurations = (
				9DD913792F8645880078D0BE /* Debug */,
				9DD9137A2F8645880078D0BE /* Release */,
			);
			defaultConfigurationIsVisible = 0;
			defaultConfigurationName = Release;
		};
		DE5C0D60D4D900000000F009 /* Build configuration list for PBXNativeTarget "SodaliteTopShelf" */ = {
			isa = XCConfigurationList;
			buildConfigurations = (
				DE5C0D60D4D900000000F007 /* Debug */,
				DE5C0D60D4D900000000F008 /* Release */,
			);
			defaultConfigurationIsVisible = 0;
			defaultConfigurationName = Release;
		};
/* End XCConfigurationList section */

/* Begin XCRemoteSwiftPackageReference section */
		AA000003STEELPLAYER /* XCRemoteSwiftPackageReference "AetherEngine" */ = {
			isa = XCRemoteSwiftPackageReference;
			repositoryURL = "https://github.com/superuser404notfound/AetherEngine";
			requirement = {
				branch = "probe/pip-subs-native-default";
				kind = branch;
			};
		};
		AA000004ASSRENDER /* XCRemoteSwiftPackageReference "swift-ass-renderer" */ = {
			isa = XCRemoteSwiftPackageReference;
			repositoryURL = "https://github.com/mihai8804858/swift-ass-renderer";
			requirement = {
				kind = exactVersion;
				version = 1.3.1;
			};
		};
/* End XCRemoteSwiftPackageReference section */

/* Begin XCSwiftPackageProductDependency section */
		AA000002STEELPLAYER /* AetherEngine */ = {
			isa = XCSwiftPackageProductDependency;
			package = AA000003STEELPLAYER /* XCRemoteSwiftPackageReference "AetherEngine" */;
			productName = AetherEngine;
		};
		AA000005ASSPROD /* SwiftAssRenderer */ = {
			isa = XCSwiftPackageProductDependency;
			package = AA000004ASSRENDER /* XCRemoteSwiftPackageReference "swift-ass-renderer" */;
			productName = SwiftAssRenderer;
		};
/* End XCSwiftPackageProductDependency section */
	};
	rootObject = 9DD913652F8645860078D0BE /* Project object */;
}
