{
  "originHash" : "e346bff54c889a087f74da7ca421ae84c8a6cce9e2ee150db8ab63b357d230ce",
  "pins" : [
    {
      "identity" : "aetherengine",
      "kind" : "remoteSourceControl",
      "location" : "https://github.com/superuser404notfound/AetherEngine",
      "state" : {
        "branch" : "main",
        "revision" : "b297211f755c539e59cd39f9165faf06c7240d9f"
      }
    },
    {
      "identity" : "ffmpegbuild",
      "kind" : "remoteSourceControl",
      "location" : "https://github.com/superuser404notfound/FFmpegBuild",
      "state" : {
        "branch" : "main",
        "revision" : "ebbca7f4b7fb5f772af9378d5030e54669c46704"
      }
    }
  ],
  "version" : 3
}
